{
  "requires": true,
  "lockfileVersion": 1,
  "dependencies": {
    "jquery-cropper": {
      "version": "1.0.0",
      "resolved": "https://registry.npmjs.org/jquery-cropper/-/jquery-cropper-1.0.0.tgz",
      "integrity": "sha512-ox1zRC1IIlN0sPxqb8TqgmoiEs1USNFfNn1RK6mwXrBdOfJpwqog7ZZVc6Hz/ev03gomDbOs2jXZUgTMBg35xg=="
    }
  }
}
